
Microsoft Visual Studio Solution File, Format Version 12.00
# Visual Studio Version 16
VisualStudioVersion = 16.0.31729.503
MinimumVisualStudioVersion = 10.0.40219.1
Project("{FAE04EC0-301F-11D3-BF4B-00C04F79EFBC}") = "Aczberger_Siegfried_Lab8", "Aczberger_Siegfried_Lab8.csproj", "{682E5895-C803-4049-A175-C1FC143AFD6B}"
EndProject
Global
	GlobalSection(SolutionConfigurationPlatforms) = preSolution
		Debug|Any CPU = Debug|Any CPU
		Release|Any CPU = Release|Any CPU
	EndGlobalSection
	GlobalSection(ProjectConfigurationPlatforms) = postSolution
		{682E5895-C803-4049-A175-C1FC143AFD6B}.Debug|Any CPU.ActiveCfg = Debug|Any CPU
		{682E5895-C803-4049-A175-C1FC143AFD6B}.Debug|Any CPU.Build.0 = Debug|Any CPU
		{682E5895-C803-4049-A175-C1FC143AFD6B}.Release|Any CPU.ActiveCfg = Release|Any CPU
		{682E5895-C803-4049-A175-C1FC143AFD6B}.Release|Any CPU.Build.0 = Release|Any CPU
	EndGlobalSection
	GlobalSection(SolutionProperties) = preSolution
		HideSolutionNode = FALSE
	EndGlobalSection
	GlobalSection(ExtensibilityGlobals) = postSolution
		SolutionGuid = {EAAE5372-22E2-4D8B-9B51-7453C438A9EB}
	EndGlobalSection
EndGlobal
